
Microsoft Visual Studio Solution File, Format Version 12.00
# Visual Studio Version 17
VisualStudioVersion = 17.4.33110.190
MinimumVisualStudioVersion = 10.0.40219.1
Project("{FAE04EC0-301F-11D3-BF4B-00C04F79EFBC}") = "Lab4WpfApp", "Lab4WpfApp\Lab4WpfApp.csproj", "{CF10C5F2-1520-4318-9F32-78425E76B31C}"
EndProject
Global
	GlobalSection(SolutionConfigurationPlatforms) = preSolution
		Debug|Any CPU = Debug|Any CPU
		Release|Any CPU = Release|Any CPU
	EndGlobalSection
	GlobalSection(ProjectConfigurationPlatforms) = postSolution
		{CF10C5F2-1520-4318-9F32-78425E76B31C}.Debug|Any CPU.ActiveCfg = Debug|Any CPU
		{CF10C5F2-1520-4318-9F32-78425E76B31C}.Debug|Any CPU.Build.0 = Debug|Any CPU
		{CF10C5F2-1520-4318-9F32-78425E76B31C}.Release|Any CPU.ActiveCfg = Release|Any CPU
		{CF10C5F2-1520-4318-9F32-78425E76B31C}.Release|Any CPU.Build.0 = Release|Any CPU
	EndGlobalSection
	GlobalSection(SolutionProperties) = preSolution
		HideSolutionNode = FALSE
	EndGlobalSection
	GlobalSection(ExtensibilityGlobals) = postSolution
		SolutionGuid = {446C5C4D-C245-44F5-A605-F7545D4B5851}
	EndGlobalSection
EndGlobal
